// !$*UTF8*$!
{
	archiveVersion = 1;
	classes = {
	};
	objectVersion = 50;
	objects = {

/* Begin PBXBuildFile section */
		039DCAAD31EB67B9095D7E0E /* Pods_Ubers.framework in Frameworks */ = {isa = PBXBuildFile; fileRef = 6EF582A1F65B24929A21F96E /* Pods_Ubers.framework */; };
		BDD3E82523502DC600FAA2B3 /* AppDelegate.swift in Sources */ = {isa = PBXBuildFile; fileRef = BDD3E82423502DC600FAA2B3 /* AppDelegate.swift */; };
		BDD3E82723502DC600FAA2B3 /* ViewController.swift in Sources */ = {isa = PBXBuildFile; fileRef = BDD3E82623502DC600FAA2B3 /* ViewController.swift */; };
		BDD3E82A23502DC600FAA2B3 /* Main.storyboard in Resources */ = {isa = PBXBuildFile; fileRef = BDD3E82823502DC600FAA2B3 /* Main.storyboard */; };
		BDD3E82C23502DC700FAA2B3 /* Assets.xcassets in Resources */ = {isa = PBXBuildFile; fileRef = BDD3E82B23502DC700FAA2B3 /* Assets.xcassets */; };
		BDD3E82F23502DC700FAA2B3 /* LaunchScreen.storyboard in Resources */ = {isa = PBXBuildFile; fileRef = BDD3E82D23502DC700FAA2B3 /* LaunchScreen.storyboard */; };
		BDD3E83723502EC000FAA2B3 /* GoogleService-Info.plist in Resources */ = {isa = PBXBuildFile; fileRef = BDD3E83623502EC000FAA2B3 /* GoogleService-Info.plist */; };
		BDD3E83923505B9E00FAA2B3 /* RiderViewController.swift in Sources */ = {isa = PBXBuildFile; fileRef = BDD3E83823505B9E00FAA2B3 /* RiderViewController.swift */; };
		BDD3E83B2350740000FAA2B3 /* DriverTableViewController.swift in Sources */ = {isa = PBXBuildFile; fileRef = BDD3E83A2350740000FAA2B3 /* DriverTableViewController.swift */; };
		BDD3E83E23507D7F00FAA2B3 /* AcceptRequestViewController.swift in Sources */ = {isa = PBXBuildFile; fileRef = BDD3E83D23507D7F00FAA2B3 /* AcceptRequestViewController.swift */; };
/* End PBXBuildFile section */

/* Begin PBXFileReference section */
		6EF582A1F65B24929A21F96E /* Pods_Ubers.framework */ = {isa = PBXFileReference; explicitFileType = wrapper.framework; includeInIndex = 0; path = Pods_Ubers.framework; sourceTree = BUILT_PRODUCTS_DIR; };
		AD9372B77EFF5EA78F9C809D /* Pods-Ubers.debug.xcconfig */ = {isa = PBXFileReference; includeInIndex = 1; lastKnownFileType = text.xcconfig; name = "Pods-Ubers.debug.xcconfig"; path = "Pods/Target Support Files/Pods-Ubers/Pods-Ubers.debug.xcconfig"; sourceTree = "<group>"; };
		BDD3E82123502DC600FAA2B3 /* Ubers.app */ = {isa = PBXFileReference; explicitFileType = wrapper.application; includeInIndex = 0; path = Ubers.app; sourceTree = BUILT_PRODUCTS_DIR; };
		BDD3E82423502DC600FAA2B3 /* AppDelegate.swift */ = {isa = PBXFileReference; lastKnownFileType = sourcecode.swift; path = AppDelegate.swift; sourceTree = "<group>"; };
		BDD3E82623502DC600FAA2B3 /* ViewController.swift */ = {isa = PBXFileReference; lastKnownFileType = sourcecode.swift; path = ViewController.swift; sourceTree = "<group>"; };
		BDD3E82923502DC600FAA2B3 /* Base */ = {isa = PBXFileReference; lastKnownFileType = file.storyboard; name = Base; path = Base.lproj/Main.storyboard; sourceTree = "<group>"; };
		BDD3E82B23502DC700FAA2B3 /* Assets.xcassets */ = {isa = PBXFileReference; lastKnownFileType = folder.assetcatalog; path = Assets.xcassets; sourceTree = "<group>"; };
		BDD3E82E23502DC700FAA2B3 /* Base */ = {isa = PBXFileReference; lastKnownFileType = file.storyboard; name = Base; path = Base.lproj/LaunchScreen.storyboard; sourceTree = "<group>"; };
		BDD3E83023502DC700FAA2B3 /* Info.plist */ = {isa = PBXFileReference; lastKnownFileType = text.plist.xml; path = Info.plist; sourceTree = "<group>"; };
		BDD3E83623502EC000FAA2B3 /* GoogleService-Info.plist */ = {isa = PBXFileReference; fileEncoding = 4; lastKnownFileType = text.plist.xml; path = "GoogleService-Info.plist"; sourceTree = "<group>"; };
		BDD3E83823505B9E00FAA2B3 /* RiderViewController.swift */ = {isa = PBXFileReference; lastKnownFileType = sourcecode.swift; path = RiderViewController.swift; sourceTree = "<group>"; };
		BDD3E83A2350740000FAA2B3 /* DriverTableViewController.swift */ = {isa = PBXFileReference; lastKnownFileType = sourcecode.swift; path = DriverTableViewController.swift; sourceTree = "<group>"; };
		BDD3E83D23507D7F00FAA2B3 /* AcceptRequestViewController.swift */ = {isa = PBXFileReference; lastKnownFileType = sourcecode.swift; path = AcceptRequestViewController.swift; sourceTree = "<group>"; };
		C676FCA7FFDEC3005429B127 /* Pods-Ubers.release.xcconfig */ = {isa = PBXFileReference; includeInIndex = 1; lastKnownFileType = text.xcconfig; name = "Pods-Ubers.release.xcconfig"; path = "Pods/Target Support Files/Pods-Ubers/Pods-Ubers.release.xcconfig"; sourceTree = "<group>"; };
/* End PBXFileReference section */

/* Begin PBXFrameworksBuildPhase section */
		BDD3E81E23502DC600FAA2B3 /* Frameworks */ = {
			isa = PBXFrameworksBuildPhase;
			buildActionMask = 2147483647;
			files = (
				039DCAAD31EB67B9095D7E0E /* Pods_Ubers.framework in Frameworks */,
			);
			runOnlyForDeploymentPostprocessing = 0;
		};
/* End PBXFrameworksBuildPhase section */

/* Begin PBXGroup section */
		383C6AC68704CB29A209C451 /* Frameworks */ = {
			isa = PBXGroup;
			children = (
				6EF582A1F65B24929A21F96E /* Pods_Ubers.framework */,
			);
			name = Frameworks;
			sourceTree = "<group>";
		};
		BDD3E81823502DC600FAA2B3 = {
			isa = PBXGroup;
			children = (
				BDD3E82323502DC600FAA2B3 /* Ubers */,
				BDD3E82223502DC600FAA2B3 /* Products */,
				E3C2AEBB9419FC20B92E3A01 /* Pods */,
				383C6AC68704CB29A209C451 /* Frameworks */,
			);
			sourceTree = "<group>";
		};
		BDD3E82223502DC600FAA2B3 /* Products */ = {
			isa = PBXGroup;
			children = (
				BDD3E82123502DC600FAA2B3 /* Ubers.app */,
			);
			name = Products;
			sourceTree = "<group>";
		};
		BDD3E82323502DC600FAA2B3 /* Ubers */ = {
			isa = PBXGroup;
			children = (
				BDD3E82423502DC600FAA2B3 /* AppDelegate.swift */,
				BDD3E82623502DC600FAA2B3 /* ViewController.swift */,
				BDD3E83823505B9E00FAA2B3 /* RiderViewController.swift */,
				BDD3E83A2350740000FAA2B3 /* DriverTableViewController.swift */,
				BDD3E83D23507D7F00FAA2B3 /* AcceptRequestViewController.swift */,
				BDD3E82823502DC600FAA2B3 /* Main.storyboard */,
				BDD3E82B23502DC700FAA2B3 /* Assets.xcassets */,
				BDD3E82D23502DC700FAA2B3 /* LaunchScreen.storyboard */,
				BDD3E83023502DC700FAA2B3 /* Info.plist */,
				BDD3E83623502EC000FAA2B3 /* GoogleService-Info.plist */,
			);
			path = Ubers;
			sourceTree = "<group>";
		};
		E3C2AEBB9419FC20B92E3A01 /* Pods */ = {
			isa = PBXGroup;
			children = (
				AD9372B77EFF5EA78F9C809D /* Pods-Ubers.debug.xcconfig */,
				C676FCA7FFDEC3005429B127 /* Pods-Ubers.release.xcconfig */,
			);
			name = Pods;
			sourceTree = "<group>";
		};
/* End PBXGroup section */

/* Begin PBXNativeTarget section */
		BDD3E82023502DC600FAA2B3 /* Ubers */ = {
			isa = PBXNativeTarget;
			buildConfigurationList = BDD3E83323502DC700FAA2B3 /* Build configuration list for PBXNativeTarget "Ubers" */;
			buildPhases = (
				0894EDB0D59F9290820098CA /* [CP] Check Pods Manifest.lock */,
				BDD3E81D23502DC600FAA2B3 /* Sources */,
				BDD3E81E23502DC600FAA2B3 /* Frameworks */,
				BDD3E81F23502DC600FAA2B3 /* Resources */,
				0F885249B3D33DEC06E764E5 /* [CP] Embed Pods Frameworks */,
			);
			buildRules = (
			);
			dependencies = (
			);
			name = Ubers;
			productName = Ubers;
			productReference = BDD3E82123502DC600FAA2B3 /* Ubers.app */;
			productType = "com.apple.product-type.application";
		};
/* End PBXNativeTarget section */

/* Begin PBXProject section */
		BDD3E81923502DC600FAA2B3 /* Project object */ = {
			isa = PBXProject;
			attributes = {
				LastSwiftUpdateCheck = 1030;
				LastUpgradeCheck = 1030;
				ORGANIZATIONNAME = "M. Ashary";
				TargetAttributes = {
					BDD3E82023502DC600FAA2B3 = {
						CreatedOnToolsVersion = 10.3;
					};
				};
			};
			buildConfigurationList = BDD3E81C23502DC600FAA2B3 /* Build configuration list for PBXProject "Ubers" */;
			compatibilityVersion = "Xcode 9.3";
			developmentRegion = en;
			hasScannedForEncodings = 0;
			knownRegions = (
				en,
				Base,
			);
			mainGroup = BDD3E81823502DC600FAA2B3;
			productRefGroup = BDD3E82223502DC600FAA2B3 /* Products */;
			projectDirPath = "";
			projectRoot = "";
			targets = (
				BDD3E82023502DC600FAA2B3 /* Ubers */,
			);
		};
/* End PBXProject section */

/* Begin PBXResourcesBuildPhase section */
		BDD3E81F23502DC600FAA2B3 /* Resources */ = {
			isa = PBXResourcesBuildPhase;
			buildActionMask = 2147483647;
			files = (
				BDD3E82F23502DC700FAA2B3 /* LaunchScreen.storyboard in Resources */,
				BDD3E82C23502DC700FAA2B3 /* Assets.xcassets in Resources */,
				BDD3E82A23502DC600FAA2B3 /* Main.storyboard in Resources */,
				BDD3E83723502EC000FAA2B3 /* GoogleService-Info.plist in Resources */,
			);
			runOnlyForDeploymentPostprocessing = 0;
		};
/* End PBXResourcesBuildPhase section */

/* Begin PBXShellScriptBuildPhase section */
		0894EDB0D59F9290820098CA /* [CP] Check Pods Manifest.lock */ = {
			isa = PBXShellScriptBuildPhase;
			buildActionMask = 2147483647;
			files = (
			);
			inputPaths = (
				"${PODS_PODFILE_DIR_PATH}/Podfile.lock",
				"${PODS_ROOT}/Manifest.lock",
			);
			name = "[CP] Check Pods Manifest.lock";
			outputPaths = (
				"$(DERIVED_FILE_DIR)/Pods-Ubers-checkManifestLockResult.txt",
			);
			runOnlyForDeploymentPostprocessing = 0;
			shellPath = /bin/sh;
			shellScript = "diff \"${PODS_PODFILE_DIR_PATH}/Podfile.lock\" \"${PODS_ROOT}/Manifest.lock\" > /dev/null\nif [ $? != 0 ] ; then\n    # print error to STDERR\n    echo \"error: The sandbox is not in sync with the Podfile.lock. Run 'pod install' or update your CocoaPods installation.\" >&2\n    exit 1\nfi\n# This output is used by Xcode 'outputs' to avoid re-running this script phase.\necho \"SUCCESS\" > \"${SCRIPT_OUTPUT_FILE_0}\"\n";
			showEnvVarsInLog = 0;
		};
		0F885249B3D33DEC06E764E5 /* [CP] Embed Pods Frameworks */ = {
			isa = PBXShellScriptBuildPhase;
			buildActionMask = 2147483647;
			files = (
			);
			inputPaths = (
				"${SRCROOT}/Pods/Target Support Files/Pods-Ubers/Pods-Ubers-frameworks.sh",
				"${BUILT_PRODUCTS_DIR}/GTMSessionFetcher/GTMSessionFetcher.framework",
				"${BUILT_PRODUCTS_DIR}/GoogleUtilities/GoogleUtilities.framework",
				"${BUILT_PRODUCTS_DIR}/leveldb-library/leveldb.framework",
				"${BUILT_PRODUCTS_DIR}/nanopb/nanopb.framework",
			);
			name = "[CP] Embed Pods Frameworks";
			outputPaths = (
				"${TARGET_BUILD_DIR}/${FRAMEWORKS_FOLDER_PATH}/GTMSessionFetcher.framework",
				"${TARGET_BUILD_DIR}/${FRAMEWORKS_FOLDER_PATH}/GoogleUtilities.framework",
				"${TARGET_BUILD_DIR}/${FRAMEWORKS_FOLDER_PATH}/leveldb.framework",
				"${TARGET_BUILD_DIR}/${FRAMEWORKS_FOLDER_PATH}/nanopb.framework",
			);
			runOnlyForDeploymentPostprocessing = 0;
			shellPath = /bin/sh;
			shellScript = "\"${SRCROOT}/Pods/Target Support Files/Pods-Ubers/Pods-Ubers-frameworks.sh\"\n";
			showEnvVarsInLog = 0;
		};
/* End PBXShellScriptBuildPhase section */

/* Begin PBXSourcesBuildPhase section */
		BDD3E81D23502DC600FAA2B3 /* Sources */ = {
			isa = PBXSourcesBuildPhase;
			buildActionMask = 2147483647;
			files = (
				BDD3E82723502DC600FAA2B3 /* ViewController.swift in Sources */,
				BDD3E83B2350740000FAA2B3 /* DriverTableViewController.swift in Sources */,
				BDD3E83923505B9E00FAA2B3 /* RiderViewController.swift in Sources */,
				BDD3E82523502DC600FAA2B3 /* AppDelegate.swift in Sources */,
				BDD3E83E23507D7F00FAA2B3 /* AcceptRequestViewController.swift in Sources */,
			);
			runOnlyForDeploymentPostprocessing = 0;
		};
/* End PBXSourcesBuildPhase section */

/* Begin PBXVariantGroup section */
		BDD3E82823502DC600FAA2B3 /* Main.storyboard */ = {
			isa = PBXVariantGroup;
			children = (
				BDD3E82923502DC600FAA2B3 /* Base */,
			);
			name = Main.storyboard;
			sourceTree = "<group>";
		};
		BDD3E82D23502DC700FAA2B3 /* LaunchScreen.storyboard */ = {
			isa = PBXVariantGroup;
			children = (
				BDD3E82E23502DC700FAA2B3 /* Base */,
			);
			name = LaunchScreen.storyboard;
			sourceTree = "<group>";
		};
/* End PBXVariantGroup section */

/* Begin XCBuildConfiguration section */
		BDD3E83123502DC700FAA2B3 /* Debug */ = {
			isa = XCBuildConfiguration;
			buildSettings = {
				ALWAYS_SEARCH_USER_PATHS = NO;
				CLANG_ANALYZER_NONNULL = YES;
				CLANG_ANALYZER_NUMBER_OBJECT_CONVERSION = YES_AGGRESSIVE;
				CLANG_CXX_LANGUAGE_STANDARD = "gnu++14";
				CLANG_CXX_LIBRARY = "libc++";
				CLANG_ENABLE_MODULES = YES;
				CLANG_ENABLE_OBJC_ARC = YES;
				CLANG_ENABLE_OBJC_WEAK = YES;
				CLANG_WARN_BLOCK_CAPTURE_AUTORELEASING = YES;
				CLANG_WARN_BOOL_CONVERSION = YES;
				CLANG_WARN_COMMA = YES;
				CLANG_WARN_CONSTANT_CONVERSION = YES;
				CLANG_WARN_DEPRECATED_OBJC_IMPLEMENTATIONS = YES;
				CLANG_WARN_DIRECT_OBJC_ISA_USAGE = YES_ERROR;
				CLANG_WARN_DOCUMENTATION_COMMENTS = YES;
				CLANG_WARN_EMPTY_BODY = YES;
				CLANG_WARN_ENUM_CONVERSION = YES;
				CLANG_WARN_INFINITE_RECURSION = YES;
				CLANG_WARN_INT_CONVERSION = YES;
				CLANG_WARN_NON_LITERAL_NULL_CONVERSION = YES;
				CLANG_WARN_OBJC_IMPLICIT_RETAIN_SELF = YES;
				CLANG_WARN_OBJC_LITERAL_CONVERSION = YES;
				CLANG_WARN_OBJC_ROOT_CLASS = YES_ERROR;
				CLANG_WARN_RANGE_LOOP_ANALYSIS = YES;
				CLANG_WARN_STRICT_PROTOTYPES = YES;
				CLANG_WARN_SUSPICIOUS_MOVE = YES;
				CLANG_WARN_UNGUARDED_AVAILABILITY = YES_AGGRESSIVE;
				CLANG_WARN_UNREACHABLE_CODE = YES;
				CLANG_WARN__DUPLICATE_METHOD_MATCH = YES;
				CODE_SIGN_IDENTITY = "iPhone Developer";
				COPY_PHASE_STRIP = NO;
				DEBUG_INFORMATION_FORMAT = dwarf;
				ENABLE_STRICT_OBJC_MSGSEND = YES;
				ENABLE_TESTABILITY = YES;
				GCC_C_LANGUAGE_STANDARD = gnu11;
				GCC_DYNAMIC_NO_PIC = NO;
				GCC_NO_COMMON_BLOCKS = YES;
				GCC_OPTIMIZATION_LEVEL = 0;
				GCC_PREPROCESSOR_DEFINITIONS = (
					"DEBUG=1",
					"$(inherited)",
				);
				GCC_WARN_64_TO_32_BIT_CONVERSION = YES;
				GCC_WARN_ABOUT_RETURN_TYPE = YES_ERROR;
				GCC_WARN_UNDECLARED_SELECTOR = YES;
				GCC_WARN_UNINITIALIZED_AUTOS = YES_AGGRESSIVE;
				GCC_WARN_UNUSED_FUNCTION = YES;
				GCC_WARN_UNUSED_VARIABLE = YES;
				IPHONEOS_DEPLOYMENT_TARGET = 12.4;
				MTL_ENABLE_DEBUG_INFO = INCLUDE_SOURCE;
				MTL_FAST_MATH = YES;
				ONLY_ACTIVE_ARCH = YES;
				SDKROOT = iphoneos;
				SWIFT_ACTIVE_COMPILATION_CONDITIONS = DEBUG;
				SWIFT_OPTIMIZATION_LEVEL = "-Onone";
			};
			name = Debug;
		};
		BDD3E83223502DC700FAA2B3 /* Release */ = {
			isa = XCBuildConfiguration;
			buildSettings = {
				ALWAYS_SEARCH_USER_PATHS = NO;
				CLANG_ANALYZER_NONNULL = YES;
				CLANG_ANALYZER_NUMBER_OBJECT_CONVERSION = YES_AGGRESSIVE;
				CLANG_CXX_LANGUAGE_STANDARD = "gnu++14";
				CLANG_CXX_LIBRARY = "libc++";
				CLANG_ENABLE_MODULES = YES;
				CLANG_ENABLE_OBJC_ARC = YES;
				CLANG_ENABLE_OBJC_WEAK = YES;
				CLANG_WARN_BLOCK_CAPTURE_AUTORELEASING = YES;
				CLANG_WARN_BOOL_CONVERSION = YES;
				CLANG_WARN_COMMA = YES;
				CLANG_WARN_CONSTANT_CONVERSION = YES;
				CLANG_WARN_DEPRECATED_OBJC_IMPLEMENTATIONS = YES;
				CLANG_WARN_DIRECT_OBJC_ISA_USAGE = YES_ERROR;
				CLANG_WARN_DOCUMENTATION_COMMENTS = YES;
				CLANG_WARN_EMPTY_BODY = YES;
				CLANG_WARN_ENUM_CONVERSION = YES;
				CLANG_WARN_INFINITE_RECURSION = YES;
				CLANG_WARN_INT_CONVERSION = YES;
				CLANG_WARN_NON_LITERAL_NULL_CONVERSION = YES;
				CLANG_WARN_OBJC_IMPLICIT_RETAIN_SELF = YES;
				CLANG_WARN_OBJC_LITERAL_CONVERSION = YES;
				CLANG_WARN_OBJC_ROOT_CLASS = YES_ERROR;
				CLANG_WARN_RANGE_LOOP_ANALYSIS = YES;
				CLANG_WARN_STRICT_PROTOTYPES = YES;
				CLANG_WARN_SUSPICIOUS_MOVE = YES;
				CLANG_WARN_UNGUARDED_AVAILABILITY = YES_AGGRESSIVE;
				CLANG_WARN_UNREACHABLE_CODE = YES;
				CLANG_WARN__DUPLICATE_METHOD_MATCH = YES;
				CODE_SIGN_IDENTITY = "iPhone Developer";
				COPY_PHASE_STRIP = NO;
				DEBUG_INFORMATION_FORMAT = "dwarf-with-dsym";
				ENABLE_NS_ASSERTIONS = NO;
				ENABLE_STRICT_OBJC_MSGSEND = YES;
				GCC_C_LANGUAGE_STANDARD = gnu11;
				GCC_NO_COMMON_BLOCKS = YES;
				GCC_WARN_64_TO_32_BIT_CONVERSION = YES;
				GCC_WARN_ABOUT_RETURN_TYPE = YES_ERROR;
				GCC_WARN_UNDECLARED_SELECTOR = YES;
				GCC_WARN_UNINITIALIZED_AUTOS = YES_AGGRESSIVE;
				GCC_WARN_UNUSED_FUNCTION = YES;
				GCC_WARN_UNUSED_VARIABLE = YES;
				IPHONEOS_DEPLOYMENT_TARGET = 12.4;
				MTL_ENABLE_DEBUG_INFO = NO;
				MTL_FAST_MATH = YES;
				SDKROOT = iphoneos;
				SWIFT_COMPILATION_MODE = wholemodule;
				SWIFT_OPTIMIZATION_LEVEL = "-O";
				VALIDATE_PRODUCT = YES;
			};
			name = Release;
		};
		BDD3E83423502DC700FAA2B3 /* Debug */ = {
			isa = XCBuildConfiguration;
			baseConfigurationReference = AD9372B77EFF5EA78F9C809D /* Pods-Ubers.debug.xcconfig */;
			buildSettings = {
				ASSETCATALOG_COMPILER_APPICON_NAME = AppIcon;
				CODE_SIGN_STYLE = Automatic;
				INFOPLIST_FILE = Ubers/Info.plist;
				LD_RUNPATH_SEARCH_PATHS = (
					"$(inherited)",
					"@executable_path/Frameworks",
				);
				PRODUCT_BUNDLE_IDENTIFIER = com.ariashary.Ubers;
				PRODUCT_NAME = "$(TARGET_NAME)";
				SWIFT_VERSION = 5.0;
				TARGETED_DEVICE_FAMILY = "1,2";
			};
			name = Debug;
		};
		BDD3E83523502DC700FAA2B3 /* Release */ = {
			isa = XCBuildConfiguration;
			baseConfigurationReference = C676FCA7FFDEC3005429B127 /* Pods-Ubers.release.xcconfig */;
			buildSettings = {
				ASSETCATALOG_COMPILER_APPICON_NAME = AppIcon;
				CODE_SIGN_STYLE = Automatic;
				INFOPLIST_FILE = Ubers/Info.plist;
				LD_RUNPATH_SEARCH_PATHS = (
					"$(inherited)",
					"@executable_path/Frameworks",
				);
				PRODUCT_BUNDLE_IDENTIFIER = com.ariashary.Ubers;
				PRODUCT_NAME = "$(TARGET_NAME)";
				SWIFT_VERSION = 5.0;
				TARGETED_DEVICE_FAMILY = "1,2";
			};
			name = Release;
		};
/* End XCBuildConfiguration section */

/* Begin XCConfigurationList section */
		BDD3E81C23502DC600FAA2B3 /* Build configuration list for PBXProject "Ubers" */ = {
			isa = XCConfigurationList;
			buildConfigurations = (
				BDD3E83123502DC700FAA2B3 /* Debug */,
				BDD3E83223502DC700FAA2B3 /* Release */,
			);
			defaultConfigurationIsVisible = 0;
			defaultConfigurationName = Release;
		};
		BDD3E83323502DC700FAA2B3 /* Build configuration list for PBXNativeTarget "Ubers" */ = {
			isa = XCConfigurationList;
			buildConfigurations = (
				BDD3E83423502DC700FAA2B3 /* Debug */,
				BDD3E83523502DC700FAA2B3 /* Release */,
			);
			defaultConfigurationIsVisible = 0;
			defaultConfigurationName = Release;
		};
/* End XCConfigurationList section */
	};
	rootObject = BDD3E81923502DC600FAA2B3 /* Project object */;
}
